
Microsoft Visual Studio Solution File, Format Version 12.00
# Visual Studio Version 17
VisualStudioVersion = 17.0.31903.59
MinimumVisualStudioVersion = 10.0.40219.1
Project("{2150E333-8FDC-42A3-9474-1A3956D46DE8}") = "src", "src", "{827E0CD3-B72D-47B6-A68D-7590B98EB39B}"
EndProject
Project("{FAE04EC0-301F-11D3-BF4B-00C04F79EFBC}") = "TrackNTrash.D365.Integration", "src\TrackNTrash.D365.Integration\TrackNTrash.D365.Integration.csproj", "{806F1033-A479-46B7-A247-A32C98D1E004}"
EndProject
Project("{FAE04EC0-301F-11D3-BF4B-00C04F79EFBC}") = "TrackNTrash.D365.Integration.Tests", "tests\TrackNTrash.D365.Integration.Tests\TrackNTrash.D365.Integration.Tests.csproj", "{6FBF5512-F0C2-4F1B-A1DC-8E3F770F2A2C}"
EndProject
Project("{FAE04EC0-301F-11D3-BF4B-00C04F79EFBC}") = "TrackNTrash.D365.Functions", "src\TrackNTrash.D365.Functions\TrackNTrash.D365.Functions.csproj", "{C7504AF2-C866-48D9-A99A-EA5A2693520C}"
EndProject
Global
	GlobalSection(SolutionConfigurationPlatforms) = preSolution
		Debug|Any CPU = Debug|Any CPU
		Debug|x64 = Debug|x64
		Debug|x86 = Debug|x86
		Release|Any CPU = Release|Any CPU
		Release|x64 = Release|x64
		Release|x86 = Release|x86
	EndGlobalSection
	GlobalSection(ProjectConfigurationPlatforms) = postSolution
		{806F1033-A479-46B7-A247-A32C98D1E004}.Debug|Any CPU.ActiveCfg = Debug|Any CPU
		{806F1033-A479-46B7-A247-A32C98D1E004}.Debug|Any CPU.Build.0 = Debug|Any CPU
		{806F1033-A479-46B7-A247-A32C98D1E004}.Debug|x64.ActiveCfg = Debug|Any CPU
		{806F1033-A479-46B7-A247-A32C98D1E004}.Debug|x64.Build.0 = Debug|Any CPU
		{806F1033-A479-46B7-A247-A32C98D1E004}.Debug|x86.ActiveCfg = Debug|Any CPU
		{806F1033-A479-46B7-A247-A32C98D1E004}.Debug|x86.Build.0 = Debug|Any CPU
		{806F1033-A479-46B7-A247-A32C98D1E004}.Release|Any CPU.ActiveCfg = Release|Any CPU
		{806F1033-A479-46B7-A247-A32C98D1E004}.Release|Any CPU.Build.0 = Release|Any CPU
		{806F1033-A479-46B7-A247-A32C98D1E004}.Release|x64.ActiveCfg = Release|Any CPU
		{806F1033-A479-46B7-A247-A32C98D1E004}.Release|x64.Build.0 = Release|Any CPU
		{806F1033-A479-46B7-A247-A32C98D1E004}.Release|x86.ActiveCfg = Release|Any CPU
		{806F1033-A479-46B7-A247-A32C98D1E004}.Release|x86.Build.0 = Release|Any CPU
		{6FBF5512-F0C2-4F1B-A1DC-8E3F770F2A2C}.Debug|Any CPU.ActiveCfg = Debug|Any CPU
		{6FBF5512-F0C2-4F1B-A1DC-8E3F770F2A2C}.Debug|Any CPU.Build.0 = Debug|Any CPU
		{6FBF5512-F0C2-4F1B-A1DC-8E3F770F2A2C}.Debug|x64.ActiveCfg = Debug|Any CPU
		{6FBF5512-F0C2-4F1B-A1DC-8E3F770F2A2C}.Debug|x64.Build.0 = Debug|Any CPU
		{6FBF5512-F0C2-4F1B-A1DC-8E3F770F2A2C}.Debug|x86.ActiveCfg = Debug|Any CPU
		{6FBF5512-F0C2-4F1B-A1DC-8E3F770F2A2C}.Debug|x86.Build.0 = Debug|Any CPU
		{6FBF5512-F0C2-4F1B-A1DC-8E3F770F2A2C}.Release|Any CPU.ActiveCfg = Release|Any CPU
		{6FBF5512-F0C2-4F1B-A1DC-8E3F770F2A2C}.Release|Any CPU.Build.0 = Release|Any CPU
		{6FBF5512-F0C2-4F1B-A1DC-8E3F770F2A2C}.Release|x64.ActiveCfg = Release|Any CPU
		{6FBF5512-F0C2-4F1B-A1DC-8E3F770F2A2C}.Release|x64.Build.0 = Release|Any CPU
		{6FBF5512-F0C2-4F1B-A1DC-8E3F770F2A2C}.Release|x86.ActiveCfg = Release|Any CPU
		{6FBF5512-F0C2-4F1B-A1DC-8E3F770F2A2C}.Release|x86.Build.0 = Release|Any CPU
		{C7504AF2-C866-48D9-A99A-EA5A2693520C}.Debug|Any CPU.ActiveCfg = Debug|Any CPU
		{C7504AF2-C866-48D9-A99A-EA5A2693520C}.Debug|Any CPU.Build.0 = Debug|Any CPU
		{C7504AF2-C866-48D9-A99A-EA5A2693520C}.Debug|x64.ActiveCfg = Debug|Any CPU
		{C7504AF2-C866-48D9-A99A-EA5A2693520C}.Debug|x64.Build.0 = Debug|Any CPU
		{C7504AF2-C866-48D9-A99A-EA5A2693520C}.Debug|x86.ActiveCfg = Debug|Any CPU
		{C7504AF2-C866-48D9-A99A-EA5A2693520C}.Debug|x86.Build.0 = Debug|Any CPU
		{C7504AF2-C866-48D9-A99A-EA5A2693520C}.Release|Any CPU.ActiveCfg = Release|Any CPU
		{C7504AF2-C866-48D9-A99A-EA5A2693520C}.Release|Any CPU.Build.0 = Release|Any CPU
		{C7504AF2-C866-48D9-A99A-EA5A2693520C}.Release|x64.ActiveCfg = Release|Any CPU
		{C7504AF2-C866-48D9-A99A-EA5A2693520C}.Release|x64.Build.0 = Release|Any CPU
		{C7504AF2-C866-48D9-A99A-EA5A2693520C}.Release|x86.ActiveCfg = Release|Any CPU
		{C7504AF2-C866-48D9-A99A-EA5A2693520C}.Release|x86.Build.0 = Release|Any CPU
	EndGlobalSection
	GlobalSection(SolutionProperties) = preSolution
		HideSolutionNode = FALSE
	EndGlobalSection
	GlobalSection(NestedProjects) = preSolution
		{806F1033-A479-46B7-A247-A32C98D1E004} = {827E0CD3-B72D-47B6-A68D-7590B98EB39B}
		{6FBF5512-F0C2-4F1B-A1DC-8E3F770F2A2C} = {827E0CD3-B72D-47B6-A68D-7590B98EB39B}
		{C7504AF2-C866-48D9-A99A-EA5A2693520C} = {827E0CD3-B72D-47B6-A68D-7590B98EB39B}
	EndGlobalSection
EndGlobal
